
Microsoft Visual Studio Solution File, Format Version 12.00
Project("{FAE04EC0-301F-11D3-BF4B-00C04F79EFBC}") = "WindowsFormsApp2", "WindowsFormsApp2\WindowsFormsApp2.csproj", "{87B3E8CC-C3D2-4845-96CF-AE536C1745E0}"
EndProject
Global
	GlobalSection(SolutionConfigurationPlatforms) = preSolution
		Debug|Any CPU = Debug|Any CPU
		Release|Any CPU = Release|Any CPU
	EndGlobalSection
	GlobalSection(ProjectConfigurationPlatforms) = postSolution
		{87B3E8CC-C3D2-4845-96CF-AE536C1745E0}.Debug|Any CPU.ActiveCfg = Debug|Any CPU
		{87B3E8CC-C3D2-4845-96CF-AE536C1745E0}.Debug|Any CPU.Build.0 = Debug|Any CPU
		{87B3E8CC-C3D2-4845-96CF-AE536C1745E0}.Release|Any CPU.ActiveCfg = Release|Any CPU
		{87B3E8CC-C3D2-4845-96CF-AE536C1745E0}.Release|Any CPU.Build.0 = Release|Any CPU
	EndGlobalSection
EndGlobal
